
Microsoft Visual Studio Solution File, Format Version 12.00
# Visual Studio Version 17
VisualStudioVersion = 17.4.33110.190
MinimumVisualStudioVersion = 10.0.40219.1
Project("{FAE04EC0-301F-11D3-BF4B-00C04F79EFBC}") = "AKSWebApp", "AKSWebApp\AKSWebApp.csproj", "{44343276-EA4D-4A82-8D8E-84051F4D9351}"
EndProject
Global
	GlobalSection(SolutionConfigurationPlatforms) = preSolution
		Debug|Any CPU = Debug|Any CPU
		Release|Any CPU = Release|Any CPU
	EndGlobalSection
	GlobalSection(ProjectConfigurationPlatforms) = postSolution
		{44343276-EA4D-4A82-8D8E-84051F4D9351}.Debug|Any CPU.ActiveCfg = Debug|Any CPU
		{44343276-EA4D-4A82-8D8E-84051F4D9351}.Debug|Any CPU.Build.0 = Debug|Any CPU
		{44343276-EA4D-4A82-8D8E-84051F4D9351}.Release|Any CPU.ActiveCfg = Release|Any CPU
		{44343276-EA4D-4A82-8D8E-84051F4D9351}.Release|Any CPU.Build.0 = Release|Any CPU
	EndGlobalSection
	GlobalSection(SolutionProperties) = preSolution
		HideSolutionNode = FALSE
	EndGlobalSection
	GlobalSection(ExtensibilityGlobals) = postSolution
		SolutionGuid = {4E7F181F-CEEE-4A63-8A15-9EFC79C9286B}
	EndGlobalSection
EndGlobal
